
Microsoft Visual Studio Solution File, Format Version 12.00
# Visual Studio Version 17
VisualStudioVersion = 17.14.36623.8
MinimumVisualStudioVersion = 10.0.40219.1
Project("{FAE04EC0-301F-11D3-BF4B-00C04F79EFBC}") = "styczen_2024", "styczen_2024\styczen_2024.csproj", "{700B9AF0-F710-45BF-B945-5138C2BD1F55}"
EndProject
Project("{2150E333-8FDC-42A3-9474-1A3956D46DE8}") = "Elementy rozwiązania", "Elementy rozwiązania", "{8FB176BD-0036-D269-15EA-F86E90622887}"
	ProjectSection(SolutionItems) = preProject
		styczen_2024\Images\000-odcisk.jpg = styczen_2024\Images\000-odcisk.jpg
		styczen_2024\Images\000-zdjecie.jpg = styczen_2024\Images\000-zdjecie.jpg
		styczen_2024\Images\111-odcisk.jpg = styczen_2024\Images\111-odcisk.jpg
		styczen_2024\Images\111-zdjecie.jpg = styczen_2024\Images\111-zdjecie.jpg
		styczen_2024\Images\333-odcisk.jpg = styczen_2024\Images\333-odcisk.jpg
		styczen_2024\Images\333-zdjecie.jpg = styczen_2024\Images\333-zdjecie.jpg
	EndProjectSection
EndProject
Global
	GlobalSection(SolutionConfigurationPlatforms) = preSolution
		Debug|Any CPU = Debug|Any CPU
		Release|Any CPU = Release|Any CPU
	EndGlobalSection
	GlobalSection(ProjectConfigurationPlatforms) = postSolution
		{700B9AF0-F710-45BF-B945-5138C2BD1F55}.Debug|Any CPU.ActiveCfg = Debug|Any CPU
		{700B9AF0-F710-45BF-B945-5138C2BD1F55}.Debug|Any CPU.Build.0 = Debug|Any CPU
		{700B9AF0-F710-45BF-B945-5138C2BD1F55}.Release|Any CPU.ActiveCfg = Release|Any CPU
		{700B9AF0-F710-45BF-B945-5138C2BD1F55}.Release|Any CPU.Build.0 = Release|Any CPU
	EndGlobalSection
	GlobalSection(SolutionProperties) = preSolution
		HideSolutionNode = FALSE
	EndGlobalSection
	GlobalSection(ExtensibilityGlobals) = postSolution
		SolutionGuid = {E8A30BB3-FAAB-4A63-B15C-E664BA7A7123}
	EndGlobalSection
EndGlobal
